
Microsoft Visual Studio Solution File, Format Version 12.00
Project("{FAE04EC0-301F-11D3-BF4B-00C04F79EFBC}") = "StarWars.Core", "StarWars.Core\StarWars.Core.csproj", "{4DBF85B7-CDA6-4558-B3AA-243970032B4C}"
EndProject
Project("{FAE04EC0-301F-11D3-BF4B-00C04F79EFBC}") = "StarWars.Android", "StarWars.Android\StarWars.Android.csproj", "{D3864E83-1AD4-4882-956A-3A1F352242DC}"
EndProject
Project("{FAE04EC0-301F-11D3-BF4B-00C04F79EFBC}") = "StarWars.iOS", "StarWars.iOS\StarWars.iOS.csproj", "{01248613-7DC3-45BA-B8A6-B70A3AD34280}"
EndProject
Global
	GlobalSection(SolutionConfigurationPlatforms) = preSolution
		Debug|Any CPU = Debug|Any CPU
		Release|Any CPU = Release|Any CPU
	EndGlobalSection
	GlobalSection(ProjectConfigurationPlatforms) = postSolution
		{4DBF85B7-CDA6-4558-B3AA-243970032B4C}.Debug|Any CPU.ActiveCfg = Debug|Any CPU
		{4DBF85B7-CDA6-4558-B3AA-243970032B4C}.Debug|Any CPU.Build.0 = Debug|Any CPU
		{4DBF85B7-CDA6-4558-B3AA-243970032B4C}.Release|Any CPU.ActiveCfg = Release|Any CPU
		{4DBF85B7-CDA6-4558-B3AA-243970032B4C}.Release|Any CPU.Build.0 = Release|Any CPU
		{D3864E83-1AD4-4882-956A-3A1F352242DC}.Debug|Any CPU.ActiveCfg = Debug|Any CPU
		{D3864E83-1AD4-4882-956A-3A1F352242DC}.Debug|Any CPU.Build.0 = Debug|Any CPU
		{D3864E83-1AD4-4882-956A-3A1F352242DC}.Release|Any CPU.ActiveCfg = Release|Any CPU
		{D3864E83-1AD4-4882-956A-3A1F352242DC}.Release|Any CPU.Build.0 = Release|Any CPU
		{01248613-7DC3-45BA-B8A6-B70A3AD34280}.Debug|Any CPU.ActiveCfg = Debug|Any CPU
		{01248613-7DC3-45BA-B8A6-B70A3AD34280}.Debug|Any CPU.Build.0 = Debug|Any CPU
		{01248613-7DC3-45BA-B8A6-B70A3AD34280}.Release|Any CPU.ActiveCfg = Release|Any CPU
		{01248613-7DC3-45BA-B8A6-B70A3AD34280}.Release|Any CPU.Build.0 = Release|Any CPU
	EndGlobalSection
EndGlobal
